<?xml version="1.0" encoding="utf-8"?>
<Project ToolsVersion="4.0" xmlns="http://schemas.microsoft.com/developer/msbuild/2003">
  <ItemGroup>
    <Filter Include="Source Files">
      <UniqueIdentifier>{4FC737F1-C7A5-4376-A066-2A32D752A2FF}</UniqueIdentifier>
      <Extensions>cpp;c;cc;cxx;c++;cppm;ixx;def;odl;idl;hpj;bat;asm;asmx</Extensions>
    </Filter>
    <Filter Include="Header Files">
      <UniqueIdentifier>{93995380-89BD-4b04-88EB-625FBE52EBFB}</UniqueIdentifier>
      <Extensions>h;hh;hpp;hxx;h++;hm;inl;inc;ipp;xsd</Extensions>
    </Filter>
    <Filter Include="Resource Files">
      <UniqueIdentifier>{67DA6AB6-F800-4c08-8B7A-83BB121AAD01}</UniqueIdentifier>
      <Extensions>rc;ico;cur;bmp;dlg;rc2;rct;bin;rgs;gif;jpg;jpeg;jpe;resx;tiff;tif;png;wav;mfcribbon-ms</Extensions>
    </Filter>
    <Filter Include="Header Files\systems">
      <UniqueIdentifier>{fc136af5-b9de-45e7-b2f4-07f96d6f8cca}</UniqueIdentifier>
    </Filter>
    <Filter Include="Source Files\systems">
      <UniqueIdentifier>{5992c318-90cd-427c-8ade-57a6c64db2e2}</UniqueIdentifier>
    </Filter>
    <Filter Include="Resource Files\components">
      <UniqueIdentifier>{dd5795c0-39e0-4c28-8d83-e5cca46460a3}</UniqueIdentifier>
    </Filter>
    <Filter Include="Header Files\managers">
      <UniqueIdentifier>{7f09ff9b-359e-4059-9190-11d18a977a92}</UniqueIdentifier>
    </Filter>
    <Filter Include="Source Files\managers">
      <UniqueIdentifier>{7e8edfca-2472-4ebe-9d53-49bc2f9d6728}</UniqueIdentifier>
    </Filter>
    <Filter Include="Header Files\minigames">
      <UniqueIdentifier>{2bd1e3ea-7474-4087-8f80-fe5e9df6d089}</UniqueIdentifier>
    </Filter>
    <Filter Include="Source Files\minigames">
      <UniqueIdentifier>{8afc8303-d70f-447a-9119-8e72050d2521}</UniqueIdentifier>
    </Filter>
  </ItemGroup>
  <ItemGroup>
    <ClCompile Include="main.cpp">
      <Filter>Source Files</Filter>
    </ClCompile>
    <ClCompile Include="Lava.h">
      <Filter>Resource Files</Filter>
    </ClCompile>
    <ClCompile Include="RenderingSystem.cpp">
      <Filter>Source Files\systems</Filter>
    </ClCompile>
    <ClCompile Include="PlayerMovement.cpp">
      <Filter>Source Files\systems</Filter>
    </ClCompile>
    <ClCompile Include="EnergyManager.cpp">
      <Filter>Source Files\managers</Filter>
    </ClCompile>
    <ClCompile Include="AssetManager.cpp">
      <Filter>Source Files\managers</Filter>
    </ClCompile>
    <ClCompile Include="ScreenManager.cpp">
      <Filter>Source Files\managers</Filter>
    </ClCompile>
    <ClCompile Include="CycleManager.cpp">
      <Filter>Source Files\managers</Filter>
    </ClCompile>
    <ClCompile Include="Tooling.cpp">
      <Filter>Source Files</Filter>
    </ClCompile>
    <ClCompile Include="CollisionSystem.cpp">
      <Filter>Source Files\systems</Filter>
    </ClCompile>
    <ClCompile Include="DoorSystem.cpp">
      <Filter>Source Files\systems</Filter>
    </ClCompile>
    <ClCompile Include="SolarPanels.cpp">
      <Filter>Source Files\minigames</Filter>
    </ClCompile>
    <ClCompile Include="NightMinigame.cpp">
      <Filter>Source Files\minigames</Filter>
    </ClCompile>
  </ItemGroup>
  <ItemGroup>
    <ClInclude Include="RenderingSystem.h">
      <Filter>Header Files\systems</Filter>
    </ClInclude>
    <ClInclude Include="PlayerMovement.h">
      <Filter>Header Files\systems</Filter>
    </ClInclude>
    <ClInclude Include="Core.h">
      <Filter>Resource Files\components</Filter>
    </ClInclude>
    <ClInclude Include="Player.h">
      <Filter>Resource Files\components</Filter>
    </ClInclude>
    <ClInclude Include="EnergyManager.h">
      <Filter>Header Files\managers</Filter>
    </ClInclude>
    <ClInclude Include="Viewport3D.hpp">
      <Filter>Resource Files\components</Filter>
    </ClInclude>
    <ClInclude Include="AssetManager.hpp">
      <Filter>Header Files\managers</Filter>
    </ClInclude>
    <ClInclude Include="ScreenManager.h">
      <Filter>Header Files\managers</Filter>
    </ClInclude>
    <ClInclude Include="CycleManager.h">
      <Filter>Header Files\managers</Filter>
    </ClInclude>
    <ClInclude Include="Tooling.h">
      <Filter>Header Files</Filter>
    </ClInclude>
    <ClInclude Include="CollisionSystem.h">
      <Filter>Header Files\systems</Filter>
    </ClInclude>
    <ClInclude Include="DoorSystem.h">
      <Filter>Header Files\systems</Filter>
    </ClInclude>
    <ClInclude Include="Door.h">
      <Filter>Resource Files\components</Filter>
    </ClInclude>
    <ClInclude Include="SolarPanels.h">
      <Filter>Header Files\minigames</Filter>
    </ClInclude>
    <ClInclude Include="Minigames.h">
      <Filter>Resource Files\components</Filter>
    </ClInclude>
    <ClInclude Include="AssetManager.cxx">
      <Filter>Header Files\managers</Filter>
    </ClInclude>
    <ClInclude Include="NightMinigame.h">
      <Filter>Header Files\minigames</Filter>
    </ClInclude>
    <ClInclude Include="EnemyState.h">
      <Filter>Resource Files\components</Filter>
    </ClInclude>
    <ClInclude Include="Health.h">
      <Filter>Resource Files\components</Filter>
    </ClInclude>
  </ItemGroup>
</Project>